# THIS IS AN AUTOGENERATED FILE. DO NOT EDIT THIS FILE DIRECTLY.
# yarn lockfile v1


"@types/node@^12.6.2":
  version "12.6.6"
  resolved "https://registry.yarnpkg.com/@types/node/-/node-12.6.6.tgz#831587377c35bb28fa33b6fe5f849a26a3f4a412"
  integrity sha512-SMgj3x28MkJyHdWaMv/g/ca3LYDi5gR7O8mX0VKazvFOnmlDXctSEdd/8jfSqozjKFK1R9If1QZWkafX7yQTpA==

typescript@^3.5.3:
  version "3.5.3"
  resolved "https://registry.yarnpkg.com/typescript/-/typescript-3.5.3.tgz#c830f657f93f1ea846819e929092f5fe5983e977"
  integrity sha512-ACzBtm/PhXBDId6a6sDJfroT2pOWt/oOnk4/dElG5G33ZL776N3Y6/6bKZJBFpd+b05F3Ct9qDjMeJmRWtE2/g==
